
Microsoft Visual Studio Solution File, Format Version 12.00
# Visual Studio Version 16
VisualStudioVersion = 16.0.30225.117
MinimumVisualStudioVersion = 10.0.40219.1
Project("{FAE04EC0-301F-11D3-BF4B-00C04F79EFBC}") = "SQLite", "SQLite.csproj", "{8E97969F-A302-4489-9199-BCF08F7E3158}"
EndProject
Global
	GlobalSection(SolutionConfigurationPlatforms) = preSolution
		Debug|Any CPU = Debug|Any CPU
		Release|Any CPU = Release|Any CPU
	EndGlobalSection
	GlobalSection(ProjectConfigurationPlatforms) = postSolution
		{8E97969F-A302-4489-9199-BCF08F7E3158}.Debug|Any CPU.ActiveCfg = Debug|Any CPU
		{8E97969F-A302-4489-9199-BCF08F7E3158}.Debug|Any CPU.Build.0 = Debug|Any CPU
		{8E97969F-A302-4489-9199-BCF08F7E3158}.Release|Any CPU.ActiveCfg = Release|Any CPU
		{8E97969F-A302-4489-9199-BCF08F7E3158}.Release|Any CPU.Build.0 = Release|Any CPU
	EndGlobalSection
	GlobalSection(SolutionProperties) = preSolution
		HideSolutionNode = FALSE
	EndGlobalSection
	GlobalSection(ExtensibilityGlobals) = postSolution
		SolutionGuid = {C933E41E-FCD7-4671-9D49-0EEE437D3827}
	EndGlobalSection
EndGlobal
